
Microsoft Visual Studio Solution File, Format Version 12.00
# Visual Studio Version 17
VisualStudioVersion = 17.4.33213.308
MinimumVisualStudioVersion = 10.0.40219.1
Project("{FAE04EC0-301F-11D3-BF4B-00C04F79EFBC}") = "AboutMyFriend", "AboutMyFriend\AboutMyFriend.csproj", "{F4D49013-5BF8-4587-8D4E-C5E17E423B6C}"
EndProject
Global
	GlobalSection(SolutionConfigurationPlatforms) = preSolution
		Debug|Any CPU = Debug|Any CPU
		Release|Any CPU = Release|Any CPU
	EndGlobalSection
	GlobalSection(ProjectConfigurationPlatforms) = postSolution
		{F4D49013-5BF8-4587-8D4E-C5E17E423B6C}.Debug|Any CPU.ActiveCfg = Debug|Any CPU
		{F4D49013-5BF8-4587-8D4E-C5E17E423B6C}.Debug|Any CPU.Build.0 = Debug|Any CPU
		{F4D49013-5BF8-4587-8D4E-C5E17E423B6C}.Release|Any CPU.ActiveCfg = Release|Any CPU
		{F4D49013-5BF8-4587-8D4E-C5E17E423B6C}.Release|Any CPU.Build.0 = Release|Any CPU
	EndGlobalSection
	GlobalSection(SolutionProperties) = preSolution
		HideSolutionNode = FALSE
	EndGlobalSection
	GlobalSection(ExtensibilityGlobals) = postSolution
		SolutionGuid = {CCE08916-17B5-4BD9-9208-A2D8ED66F1FD}
	EndGlobalSection
EndGlobal
